
Microsoft Visual Studio Solution File, Format Version 12.00
# Visual Studio Version 16
VisualStudioVersion = 16.0.33423.256
MinimumVisualStudioVersion = 10.0.40219.1
Project("{FAE04EC0-301F-11D3-BF4B-00C04F79EFBC}") = "LuvunToisto", "LuvunToisto\LuvunToisto.csproj", "{0CA75500-FE2A-411B-A896-F5D01C8E78ED}"
EndProject
Global
	GlobalSection(SolutionConfigurationPlatforms) = preSolution
		Debug|Any CPU = Debug|Any CPU
		Release|Any CPU = Release|Any CPU
	EndGlobalSection
	GlobalSection(ProjectConfigurationPlatforms) = postSolution
		{0CA75500-FE2A-411B-A896-F5D01C8E78ED}.Debug|Any CPU.ActiveCfg = Debug|Any CPU
		{0CA75500-FE2A-411B-A896-F5D01C8E78ED}.Debug|Any CPU.Build.0 = Debug|Any CPU
		{0CA75500-FE2A-411B-A896-F5D01C8E78ED}.Release|Any CPU.ActiveCfg = Release|Any CPU
		{0CA75500-FE2A-411B-A896-F5D01C8E78ED}.Release|Any CPU.Build.0 = Release|Any CPU
	EndGlobalSection
	GlobalSection(SolutionProperties) = preSolution
		HideSolutionNode = FALSE
	EndGlobalSection
	GlobalSection(ExtensibilityGlobals) = postSolution
		SolutionGuid = {C7D59C96-6C19-49B4-9F16-8EF352B36325}
	EndGlobalSection
EndGlobal
