
Microsoft Visual Studio Solution File, Format Version 12.00
# Visual Studio Version 16
VisualStudioVersion = 16.0.33423.256
MinimumVisualStudioVersion = 10.0.40219.1
Project("{FAE04EC0-301F-11D3-BF4B-00C04F79EFBC}") = "Lampotila", "Lampotila\Lampotila.csproj", "{37074DA8-FD09-4E13-9C7B-2365536ADC4B}"
EndProject
Global
	GlobalSection(SolutionConfigurationPlatforms) = preSolution
		Debug|Any CPU = Debug|Any CPU
		Release|Any CPU = Release|Any CPU
	EndGlobalSection
	GlobalSection(ProjectConfigurationPlatforms) = postSolution
		{37074DA8-FD09-4E13-9C7B-2365536ADC4B}.Debug|Any CPU.ActiveCfg = Debug|Any CPU
		{37074DA8-FD09-4E13-9C7B-2365536ADC4B}.Debug|Any CPU.Build.0 = Debug|Any CPU
		{37074DA8-FD09-4E13-9C7B-2365536ADC4B}.Release|Any CPU.ActiveCfg = Release|Any CPU
		{37074DA8-FD09-4E13-9C7B-2365536ADC4B}.Release|Any CPU.Build.0 = Release|Any CPU
	EndGlobalSection
	GlobalSection(SolutionProperties) = preSolution
		HideSolutionNode = FALSE
	EndGlobalSection
	GlobalSection(ExtensibilityGlobals) = postSolution
		SolutionGuid = {BA4CDC3B-2797-4D03-BD4F-2EADF4580C07}
	EndGlobalSection
EndGlobal
