
Microsoft Visual Studio Solution File, Format Version 12.00
# Visual Studio Version 16
VisualStudioVersion = 16.0.33423.256
MinimumVisualStudioVersion = 10.0.40219.1
Project("{FAE04EC0-301F-11D3-BF4B-00C04F79EFBC}") = "KaksiMerkkijonoa", "KaksiMerkkijonoa\KaksiMerkkijonoa.csproj", "{31B262BE-9A20-47DA-815B-35AD314B076A}"
EndProject
Global
	GlobalSection(SolutionConfigurationPlatforms) = preSolution
		Debug|Any CPU = Debug|Any CPU
		Release|Any CPU = Release|Any CPU
	EndGlobalSection
	GlobalSection(ProjectConfigurationPlatforms) = postSolution
		{31B262BE-9A20-47DA-815B-35AD314B076A}.Debug|Any CPU.ActiveCfg = Debug|Any CPU
		{31B262BE-9A20-47DA-815B-35AD314B076A}.Debug|Any CPU.Build.0 = Debug|Any CPU
		{31B262BE-9A20-47DA-815B-35AD314B076A}.Release|Any CPU.ActiveCfg = Release|Any CPU
		{31B262BE-9A20-47DA-815B-35AD314B076A}.Release|Any CPU.Build.0 = Release|Any CPU
	EndGlobalSection
	GlobalSection(SolutionProperties) = preSolution
		HideSolutionNode = FALSE
	EndGlobalSection
	GlobalSection(ExtensibilityGlobals) = postSolution
		SolutionGuid = {B2B32EED-FE49-4D24-80A8-2D32AB715D3B}
	EndGlobalSection
EndGlobal
