
Microsoft Visual Studio Solution File, Format Version 12.00
# Visual Studio Version 16
VisualStudioVersion = 16.0.33423.256
MinimumVisualStudioVersion = 10.0.40219.1
Project("{FAE04EC0-301F-11D3-BF4B-00C04F79EFBC}") = "LampotilanSeuranta", "LampotilanSeuranta\LampotilanSeuranta.csproj", "{648ADD2F-A0E7-4256-97AF-9011D337E8B0}"
EndProject
Global
	GlobalSection(SolutionConfigurationPlatforms) = preSolution
		Debug|Any CPU = Debug|Any CPU
		Release|Any CPU = Release|Any CPU
	EndGlobalSection
	GlobalSection(ProjectConfigurationPlatforms) = postSolution
		{648ADD2F-A0E7-4256-97AF-9011D337E8B0}.Debug|Any CPU.ActiveCfg = Debug|Any CPU
		{648ADD2F-A0E7-4256-97AF-9011D337E8B0}.Debug|Any CPU.Build.0 = Debug|Any CPU
		{648ADD2F-A0E7-4256-97AF-9011D337E8B0}.Release|Any CPU.ActiveCfg = Release|Any CPU
		{648ADD2F-A0E7-4256-97AF-9011D337E8B0}.Release|Any CPU.Build.0 = Release|Any CPU
	EndGlobalSection
	GlobalSection(SolutionProperties) = preSolution
		HideSolutionNode = FALSE
	EndGlobalSection
	GlobalSection(ExtensibilityGlobals) = postSolution
		SolutionGuid = {2C04A5DB-71F8-444C-8CFD-319B44176FF5}
	EndGlobalSection
EndGlobal
